
Microsoft Visual Studio Solution File, Format Version 12.00
# Visual Studio 15
VisualStudioVersion = 15.0.26228.4
MinimumVisualStudioVersion = 10.0.40219.1
Project("{FAE04EC0-301F-11D3-BF4B-00C04F79EFBC}") = "StrategyDesignPattern", "ConsoleDesignPattern\StrategyDesignPattern.csproj", "{A743A139-E0BC-4C6C-92DF-9F30C7584B3D}"
EndProject
Project("{FAE04EC0-301F-11D3-BF4B-00C04F79EFBC}") = "ObserverDesignPattern", "ObserverDesignPattern\ObserverDesignPattern.csproj", "{414DB4EA-9F34-499B-84EC-DFF29993FFE9}"
EndProject
Project("{FAE04EC0-301F-11D3-BF4B-00C04F79EFBC}") = "DecoratorPattern", "DecoratorPattern\DecoratorPattern.csproj", "{E52BC0DF-9013-44C7-9B02-8851CC9593DA}"
EndProject
Global
	GlobalSection(SolutionConfigurationPlatforms) = preSolution
		Debug|Any CPU = Debug|Any CPU
		Release|Any CPU = Release|Any CPU
	EndGlobalSection
	GlobalSection(ProjectConfigurationPlatforms) = postSolution
		{A743A139-E0BC-4C6C-92DF-9F30C7584B3D}.Debug|Any CPU.ActiveCfg = Debug|Any CPU
		{A743A139-E0BC-4C6C-92DF-9F30C7584B3D}.Debug|Any CPU.Build.0 = Debug|Any CPU
		{A743A139-E0BC-4C6C-92DF-9F30C7584B3D}.Release|Any CPU.ActiveCfg = Release|Any CPU
		{A743A139-E0BC-4C6C-92DF-9F30C7584B3D}.Release|Any CPU.Build.0 = Release|Any CPU
		{414DB4EA-9F34-499B-84EC-DFF29993FFE9}.Debug|Any CPU.ActiveCfg = Debug|Any CPU
		{414DB4EA-9F34-499B-84EC-DFF29993FFE9}.Debug|Any CPU.Build.0 = Debug|Any CPU
		{414DB4EA-9F34-499B-84EC-DFF29993FFE9}.Release|Any CPU.ActiveCfg = Release|Any CPU
		{414DB4EA-9F34-499B-84EC-DFF29993FFE9}.Release|Any CPU.Build.0 = Release|Any CPU
		{E52BC0DF-9013-44C7-9B02-8851CC9593DA}.Debug|Any CPU.ActiveCfg = Debug|Any CPU
		{E52BC0DF-9013-44C7-9B02-8851CC9593DA}.Debug|Any CPU.Build.0 = Debug|Any CPU
		{E52BC0DF-9013-44C7-9B02-8851CC9593DA}.Release|Any CPU.ActiveCfg = Release|Any CPU
		{E52BC0DF-9013-44C7-9B02-8851CC9593DA}.Release|Any CPU.Build.0 = Release|Any CPU
	EndGlobalSection
	GlobalSection(SolutionProperties) = preSolution
		HideSolutionNode = FALSE
	EndGlobalSection
EndGlobal
